
Microsoft Visual Studio Solution File, Format Version 12.00
# Visual Studio Version 17
VisualStudioVersion = 17.4.33213.308
MinimumVisualStudioVersion = 10.0.40219.1
Project("{888888A0-9F3D-457C-B088-3A5042F75D52}") = "corona", "corona\corona.pyproj", "{276C155D-6B9A-4CEE-8619-D30AC0DE15EF}"
EndProject
Global
	GlobalSection(SolutionConfigurationPlatforms) = preSolution
		Debug|Any CPU = Debug|Any CPU
		Release|Any CPU = Release|Any CPU
	EndGlobalSection
	GlobalSection(ProjectConfigurationPlatforms) = postSolution
		{276C155D-6B9A-4CEE-8619-D30AC0DE15EF}.Debug|Any CPU.ActiveCfg = Debug|Any CPU
		{276C155D-6B9A-4CEE-8619-D30AC0DE15EF}.Debug|Any CPU.Build.0 = Debug|Any CPU
		{276C155D-6B9A-4CEE-8619-D30AC0DE15EF}.Release|Any CPU.ActiveCfg = Release|Any CPU
		{276C155D-6B9A-4CEE-8619-D30AC0DE15EF}.Release|Any CPU.Build.0 = Release|Any CPU
	EndGlobalSection
	GlobalSection(SolutionProperties) = preSolution
		HideSolutionNode = FALSE
	EndGlobalSection
	GlobalSection(ExtensibilityGlobals) = postSolution
		SolutionGuid = {98E84537-41AD-4984-8705-3AD05337F8D4}
	EndGlobalSection
EndGlobal
